
Microsoft Visual Studio Solution File, Format Version 12.00
# Visual Studio Version 17
VisualStudioVersion = 17.0.31611.283
MinimumVisualStudioVersion = 10.0.40219.1
Project("{9A19103F-16F7-4668-BE54-9A1E7A4F7556}") = "MonkeyFinder", "MonkeyFinder\MonkeyFinder.csproj", "{3ECEDB46-E6A5-4238-A1D1-5E165FB68FBA}"
EndProject
Project("{2150E333-8FDC-42A3-9474-1A3956D46DE8}") = "Solution Items", "Solution Items", "{29787EB1-D15F-4AC2-8EA7-9F1F45E2CC94}"
	ProjectSection(SolutionItems) = preProject
		README.md = README.md
		README.zh-cn.md = README.zh-cn.md
		README.zh-tw.md = README.zh-tw.md
	EndProjectSection
EndProject
Global
	GlobalSection(SolutionConfigurationPlatforms) = preSolution
		Debug|Any CPU = Debug|Any CPU
		Release|Any CPU = Release|Any CPU
	EndGlobalSection
	GlobalSection(ProjectConfigurationPlatforms) = postSolution
		{3ECEDB46-E6A5-4238-A1D1-5E165FB68FBA}.Debug|Any CPU.ActiveCfg = Debug|Any CPU
		{3ECEDB46-E6A5-4238-A1D1-5E165FB68FBA}.Debug|Any CPU.Build.0 = Debug|Any CPU
		{3ECEDB46-E6A5-4238-A1D1-5E165FB68FBA}.Debug|Any CPU.Deploy.0 = Debug|Any CPU
		{3ECEDB46-E6A5-4238-A1D1-5E165FB68FBA}.Release|Any CPU.ActiveCfg = Release|Any CPU
		{3ECEDB46-E6A5-4238-A1D1-5E165FB68FBA}.Release|Any CPU.Build.0 = Release|Any CPU
		{3ECEDB46-E6A5-4238-A1D1-5E165FB68FBA}.Release|Any CPU.Deploy.0 = Release|Any CPU
	EndGlobalSection
	GlobalSection(SolutionProperties) = preSolution
		HideSolutionNode = FALSE
	EndGlobalSection
	GlobalSection(ExtensibilityGlobals) = postSolution
		SolutionGuid = {61F7FB11-1E47-470C-91E2-47F8143E1572}
	EndGlobalSection
EndGlobal
